// !$*UTF8*$!
{
	archiveVersion = 1;
	classes = {
	};
	objectVersion = 55;
	objects = {

/* Begin PBXBuildFile section */
		DDB23AC42728719B0035FA15 /* MemorieApp.swift in Sources */ = {isa = PBXBuildFile; fileRef = DDB23AC32728719B0035FA15 /* MemorieApp.swift */; };
		DDB23AC62728719B0035FA15 /* ContentView.swift in Sources */ = {isa = PBXBuildFile; fileRef = DDB23AC52728719B0035FA15 /* ContentView.swift */; };
		DDB23AC8272871A20035FA15 /* Assets.xcassets in Resources */ = {isa = PBXBuildFile; fileRef = DDB23AC7272871A10035FA15 /* Assets.xcassets */; };
		DDB23ACB272871A20035FA15 /* Preview Assets.xcassets in Resources */ = {isa = PBXBuildFile; fileRef = DDB23ACA272871A20035FA15 /* Preview Assets.xcassets */; };
		DDB23ACD272871A20035FA15 /* Persistence.swift in Sources */ = {isa = PBXBuildFile; fileRef = DDB23ACC272871A20035FA15 /* Persistence.swift */; };
		DDB23AD0272871A20035FA15 /* Memorie.xcdatamodeld in Sources */ = {isa = PBXBuildFile; fileRef = DDB23ACE272871A20035FA15 /* Memorie.xcdatamodeld */; };
		DDB23ADA272871A20035FA15 /* MemorieTests.swift in Sources */ = {isa = PBXBuildFile; fileRef = DDB23AD9272871A20035FA15 /* MemorieTests.swift */; };
		DDB23AE4272871A20035FA15 /* MemorieUITests.swift in Sources */ = {isa = PBXBuildFile; fileRef = DDB23AE3272871A20035FA15 /* MemorieUITests.swift */; };
		DDB23AE6272871A20035FA15 /* MemorieUITestsLaunchTests.swift in Sources */ = {isa = PBXBuildFile; fileRef = DDB23AE5272871A20035FA15 /* MemorieUITestsLaunchTests.swift */; };
/* End PBXBuildFile section */

/* Begin PBXContainerItemProxy section */
		DDB23AD6272871A20035FA15 /* PBXContainerItemProxy */ = {
			isa = PBXContainerItemProxy;
			containerPortal = DDB23AB82728719A0035FA15 /* Project object */;
			proxyType = 1;
			remoteGlobalIDString = DDB23ABF2728719A0035FA15;
			remoteInfo = Memorie;
		};
		DDB23AE0272871A20035FA15 /* PBXContainerItemProxy */ = {
			isa = PBXContainerItemProxy;
			containerPortal = DDB23AB82728719A0035FA15 /* Project object */;
			proxyType = 1;
			remoteGlobalIDString = DDB23ABF2728719A0035FA15;
			remoteInfo = Memorie;
		};
/* End PBXContainerItemProxy section */

/* Begin PBXFileReference section */
		DDB23AC02728719B0035FA15 /* Memorie.app */ = {isa = PBXFileReference; explicitFileType = wrapper.application; includeInIndex = 0; path = Memorie.app; sourceTree = BUILT_PRODUCTS_DIR; };
		DDB23AC32728719B0035FA15 /* MemorieApp.swift */ = {isa = PBXFileReference; lastKnownFileType = sourcecode.swift; path = MemorieApp.swift; sourceTree = "<group>"; };
		DDB23AC52728719B0035FA15 /* ContentView.swift */ = {isa = PBXFileReference; lastKnownFileType = sourcecode.swift; path = ContentView.swift; sourceTree = "<group>"; };
		DDB23AC7272871A10035FA15 /* Assets.xcassets */ = {isa = PBXFileReference; lastKnownFileType = folder.assetcatalog; path = Assets.xcassets; sourceTree = "<group>"; };
		DDB23ACA272871A20035FA15 /* Preview Assets.xcassets */ = {isa = PBXFileReference; lastKnownFileType = folder.assetcatalog; path = "Preview Assets.xcassets"; sourceTree = "<group>"; };
		DDB23ACC272871A20035FA15 /* Persistence.swift */ = {isa = PBXFileReference; lastKnownFileType = sourcecode.swift; path = Persistence.swift; sourceTree = "<group>"; };
		DDB23ACF272871A20035FA15 /* Memorie.xcdatamodel */ = {isa = PBXFileReference; lastKnownFileType = wrapper.xcdatamodel; path = Memorie.xcdatamodel; sourceTree = "<group>"; };
		DDB23AD5272871A20035FA15 /* MemorieTests.xctest */ = {isa = PBXFileReference; explicitFileType = wrapper.cfbundle; includeInIndex = 0; path = MemorieTests.xctest; sourceTree = BUILT_PRODUCTS_DIR; };
		DDB23AD9272871A20035FA15 /* MemorieTests.swift */ = {isa = PBXFileReference; lastKnownFileType = sourcecode.swift; path = MemorieTests.swift; sourceTree = "<group>"; };
		DDB23ADF272871A20035FA15 /* MemorieUITests.xctest */ = {isa = PBXFileReference; explicitFileType = wrapper.cfbundle; includeInIndex = 0; path = MemorieUITests.xctest; sourceTree = BUILT_PRODUCTS_DIR; };
		DDB23AE3272871A20035FA15 /* MemorieUITests.swift */ = {isa = PBXFileReference; lastKnownFileType = sourcecode.swift; path = MemorieUITests.swift; sourceTree = "<group>"; };
		DDB23AE5272871A20035FA15 /* MemorieUITestsLaunchTests.swift */ = {isa = PBXFileReference; lastKnownFileType = sourcecode.swift; path = MemorieUITestsLaunchTests.swift; sourceTree = "<group>"; };
/* End PBXFileReference section */

/* Begin PBXFrameworksBuildPhase section */
		DDB23ABD2728719A0035FA15 /* Frameworks */ = {
			isa = PBXFrameworksBuildPhase;
			buildActionMask = 2147483647;
			files = (
			);
			runOnlyForDeploymentPostprocessing = 0;
		};
		DDB23AD2272871A20035FA15 /* Frameworks */ = {
			isa = PBXFrameworksBuildPhase;
			buildActionMask = 2147483647;
			files = (
			);
			runOnlyForDeploymentPostprocessing = 0;
		};
		DDB23ADC272871A20035FA15 /* Frameworks */ = {
			isa = PBXFrameworksBuildPhase;
			buildActionMask = 2147483647;
			files = (
			);
			runOnlyForDeploymentPostprocessing = 0;
		};
/* End PBXFrameworksBuildPhase section */

/* Begin PBXGroup section */
		DDB23AB72728719A0035FA15 = {
			isa = PBXGroup;
			children = (
				DDB23AC22728719B0035FA15 /* Memorie */,
				DDB23AD8272871A20035FA15 /* MemorieTests */,
				DDB23AE2272871A20035FA15 /* MemorieUITests */,
				DDB23AC12728719B0035FA15 /* Products */,
			);
			sourceTree = "<group>";
		};
		DDB23AC12728719B0035FA15 /* Products */ = {
			isa = PBXGroup;
			children = (
				DDB23AC02728719B0035FA15 /* Memorie.app */,
				DDB23AD5272871A20035FA15 /* MemorieTests.xctest */,
				DDB23ADF272871A20035FA15 /* MemorieUITests.xctest */,
			);
			name = Products;
			sourceTree = "<group>";
		};
		DDB23AC22728719B0035FA15 /* Memorie */ = {
			isa = PBXGroup;
			children = (
				DDB23AC32728719B0035FA15 /* MemorieApp.swift */,
				DDB23AC52728719B0035FA15 /* ContentView.swift */,
				DDB23AC7272871A10035FA15 /* Assets.xcassets */,
				DDB23ACC272871A20035FA15 /* Persistence.swift */,
				DDB23ACE272871A20035FA15 /* Memorie.xcdatamodeld */,
				DDB23AC9272871A20035FA15 /* Preview Content */,
			);
			path = Memorie;
			sourceTree = "<group>";
		};
		DDB23AC9272871A20035FA15 /* Preview Content */ = {
			isa = PBXGroup;
			children = (
				DDB23ACA272871A20035FA15 /* Preview Assets.xcassets */,
			);
			path = "Preview Content";
			sourceTree = "<group>";
		};
		DDB23AD8272871A20035FA15 /* MemorieTests */ = {
			isa = PBXGroup;
			children = (
				DDB23AD9272871A20035FA15 /* MemorieTests.swift */,
			);
			path = MemorieTests;
			sourceTree = "<group>";
		};
		DDB23AE2272871A20035FA15 /* MemorieUITests */ = {
			isa = PBXGroup;
			children = (
				DDB23AE3272871A20035FA15 /* MemorieUITests.swift */,
				DDB23AE5272871A20035FA15 /* MemorieUITestsLaunchTests.swift */,
			);
			path = MemorieUITests;
			sourceTree = "<group>";
		};
/* End PBXGroup section */

/* Begin PBXNativeTarget section */
		DDB23ABF2728719A0035FA15 /* Memorie */ = {
			isa = PBXNativeTarget;
			buildConfigurationList = DDB23AE9272871A20035FA15 /* Build configuration list for PBXNativeTarget "Memorie" */;
			buildPhases = (
				DDB23ABC2728719A0035FA15 /* Sources */,
				DDB23ABD2728719A0035FA15 /* Frameworks */,
				DDB23ABE2728719A0035FA15 /* Resources */,
			);
			buildRules = (
			);
			dependencies = (
			);
			name = Memorie;
			productName = Memorie;
			productReference = DDB23AC02728719B0035FA15 /* Memorie.app */;
			productType = "com.apple.product-type.application";
		};
		DDB23AD4272871A20035FA15 /* MemorieTests */ = {
			isa = PBXNativeTarget;
			buildConfigurationList = DDB23AEC272871A20035FA15 /* Build configuration list for PBXNativeTarget "MemorieTests" */;
			buildPhases = (
				DDB23AD1272871A20035FA15 /* Sources */,
				DDB23AD2272871A20035FA15 /* Frameworks */,
				DDB23AD3272871A20035FA15 /* Resources */,
			);
			buildRules = (
			);
			dependencies = (
				DDB23AD7272871A20035FA15 /* PBXTargetDependency */,
			);
			name = MemorieTests;
			productName = MemorieTests;
			productReference = DDB23AD5272871A20035FA15 /* MemorieTests.xctest */;
			productType = "com.apple.product-type.bundle.unit-test";
		};
		DDB23ADE272871A20035FA15 /* MemorieUITests */ = {
			isa = PBXNativeTarget;
			buildConfigurationList = DDB23AEF272871A20035FA15 /* Build configuration list for PBXNativeTarget "MemorieUITests" */;
			buildPhases = (
				DDB23ADB272871A20035FA15 /* Sources */,
				DDB23ADC272871A20035FA15 /* Frameworks */,
				DDB23ADD272871A20035FA15 /* Resources */,
			);
			buildRules = (
			);
			dependencies = (
				DDB23AE1272871A20035FA15 /* PBXTargetDependency */,
			);
			name = MemorieUITests;
			productName = MemorieUITests;
			productReference = DDB23ADF272871A20035FA15 /* MemorieUITests.xctest */;
			productType = "com.apple.product-type.bundle.ui-testing";
		};
/* End PBXNativeTarget section */

/* Begin PBXProject section */
		DDB23AB82728719A0035FA15 /* Project object */ = {
			isa = PBXProject;
			attributes = {
				BuildIndependentTargetsInParallel = 1;
				LastSwiftUpdateCheck = 1300;
				LastUpgradeCheck = 1300;
				TargetAttributes = {
					DDB23ABF2728719A0035FA15 = {
						CreatedOnToolsVersion = 13.0;
					};
					DDB23AD4272871A20035FA15 = {
						CreatedOnToolsVersion = 13.0;
						TestTargetID = DDB23ABF2728719A0035FA15;
					};
					DDB23ADE272871A20035FA15 = {
						CreatedOnToolsVersion = 13.0;
						TestTargetID = DDB23ABF2728719A0035FA15;
					};
				};
			};
			buildConfigurationList = DDB23ABB2728719A0035FA15 /* Build configuration list for PBXProject "Memorie" */;
			compatibilityVersion = "Xcode 13.0";
			developmentRegion = en;
			hasScannedForEncodings = 0;
			knownRegions = (
				en,
				Base,
			);
			mainGroup = DDB23AB72728719A0035FA15;
			productRefGroup = DDB23AC12728719B0035FA15 /* Products */;
			projectDirPath = "";
			projectRoot = "";
			targets = (
				DDB23ABF2728719A0035FA15 /* Memorie */,
				DDB23AD4272871A20035FA15 /* MemorieTests */,
				DDB23ADE272871A20035FA15 /* MemorieUITests */,
			);
		};
/* End PBXProject section */

/* Begin PBXResourcesBuildPhase section */
		DDB23ABE2728719A0035FA15 /* Resources */ = {
			isa = PBXResourcesBuildPhase;
			buildActionMask = 2147483647;
			files = (
				DDB23ACB272871A20035FA15 /* Preview Assets.xcassets in Resources */,
				DDB23AC8272871A20035FA15 /* Assets.xcassets in Resources */,
			);
			runOnlyForDeploymentPostprocessing = 0;
		};
		DDB23AD3272871A20035FA15 /* Resources */ = {
			isa = PBXResourcesBuildPhase;
			buildActionMask = 2147483647;
			files = (
			);
			runOnlyForDeploymentPostprocessing = 0;
		};
		DDB23ADD272871A20035FA15 /* Resources */ = {
			isa = PBXResourcesBuildPhase;
			buildActionMask = 2147483647;
			files = (
			);
			runOnlyForDeploymentPostprocessing = 0;
		};
/* End PBXResourcesBuildPhase section */

/* Begin PBXSourcesBuildPhase section */
		DDB23ABC2728719A0035FA15 /* Sources */ = {
			isa = PBXSourcesBuildPhase;
			buildActionMask = 2147483647;
			files = (
				DDB23ACD272871A20035FA15 /* Persistence.swift in Sources */,
				DDB23AC62728719B0035FA15 /* ContentView.swift in Sources */,
				DDB23AD0272871A20035FA15 /* Memorie.xcdatamodeld in Sources */,
				DDB23AC42728719B0035FA15 /* MemorieApp.swift in Sources */,
			);
			runOnlyForDeploymentPostprocessing = 0;
		};
		DDB23AD1272871A20035FA15 /* Sources */ = {
			isa = PBXSourcesBuildPhase;
			buildActionMask = 2147483647;
			files = (
				DDB23ADA272871A20035FA15 /* MemorieTests.swift in Sources */,
			);
			runOnlyForDeploymentPostprocessing = 0;
		};
		DDB23ADB272871A20035FA15 /* Sources */ = {
			isa = PBXSourcesBuildPhase;
			buildActionMask = 2147483647;
			files = (
				DDB23AE4272871A20035FA15 /* MemorieUITests.swift in Sources */,
				DDB23AE6272871A20035FA15 /* MemorieUITestsLaunchTests.swift in Sources */,
			);
			runOnlyForDeploymentPostprocessing = 0;
		};
/* End PBXSourcesBuildPhase section */

/* Begin PBXTargetDependency section */
		DDB23AD7272871A20035FA15 /* PBXTargetDependency */ = {
			isa = PBXTargetDependency;
			target = DDB23ABF2728719A0035FA15 /* Memorie */;
			targetProxy = DDB23AD6272871A20035FA15 /* PBXContainerItemProxy */;
		};
		DDB23AE1272871A20035FA15 /* PBXTargetDependency */ = {
			isa = PBXTargetDependency;
			target = DDB23ABF2728719A0035FA15 /* Memorie */;
			targetProxy = DDB23AE0272871A20035FA15 /* PBXContainerItemProxy */;
		};
/* End PBXTargetDependency section */

/* Begin XCBuildConfiguration section */
		DDB23AE7272871A20035FA15 /* Debug */ = {
			isa = XCBuildConfiguration;
			buildSettings = {
				ALWAYS_SEARCH_USER_PATHS = NO;
				CLANG_ANALYZER_NONNULL = YES;
				CLANG_ANALYZER_NUMBER_OBJECT_CONVERSION = YES_AGGRESSIVE;
				CLANG_CXX_LANGUAGE_STANDARD = "gnu++17";
				CLANG_CXX_LIBRARY = "libc++";
				CLANG_ENABLE_MODULES = YES;
				CLANG_ENABLE_OBJC_ARC = YES;
				CLANG_ENABLE_OBJC_WEAK = YES;
				CLANG_WARN_BLOCK_CAPTURE_AUTORELEASING = YES;
				CLANG_WARN_BOOL_CONVERSION = YES;
				CLANG_WARN_COMMA = YES;
				CLANG_WARN_CONSTANT_CONVERSION = YES;
				CLANG_WARN_DEPRECATED_OBJC_IMPLEMENTATIONS = YES;
				CLANG_WARN_DIRECT_OBJC_ISA_USAGE = YES_ERROR;
				CLANG_WARN_DOCUMENTATION_COMMENTS = YES;
				CLANG_WARN_EMPTY_BODY = YES;
				CLANG_WARN_ENUM_CONVERSION = YES;
				CLANG_WARN_INFINITE_RECURSION = YES;
				CLANG_WARN_INT_CONVERSION = YES;
				CLANG_WARN_NON_LITERAL_NULL_CONVERSION = YES;
				CLANG_WARN_OBJC_IMPLICIT_RETAIN_SELF = YES;
				CLANG_WARN_OBJC_LITERAL_CONVERSION = YES;
				CLANG_WARN_OBJC_ROOT_CLASS = YES_ERROR;
				CLANG_WARN_QUOTED_INCLUDE_IN_FRAMEWORK_HEADER = YES;
				CLANG_WARN_RANGE_LOOP_ANALYSIS = YES;
				CLANG_WARN_STRICT_PROTOTYPES = YES;
				CLANG_WARN_SUSPICIOUS_MOVE = YES;
				CLANG_WARN_UNGUARDED_AVAILABILITY = YES_AGGRESSIVE;
				CLANG_WARN_UNREACHABLE_CODE = YES;
				CLANG_WARN__DUPLICATE_METHOD_MATCH = YES;
				COPY_PHASE_STRIP = NO;
				DEBUG_INFORMATION_FORMAT = dwarf;
				ENABLE_STRICT_OBJC_MSGSEND = YES;
				ENABLE_TESTABILITY = YES;
				GCC_C_LANGUAGE_STANDARD = gnu11;
				GCC_DYNAMIC_NO_PIC = NO;
				GCC_NO_COMMON_BLOCKS = YES;
				GCC_OPTIMIZATION_LEVEL = 0;
				GCC_PREPROCESSOR_DEFINITIONS = (
					"DEBUG=1",
					"$(inherited)",
				);
				GCC_WARN_64_TO_32_BIT_CONVERSION = YES;
				GCC_WARN_ABOUT_RETURN_TYPE = YES_ERROR;
				GCC_WARN_UNDECLARED_SELECTOR = YES;
				GCC_WARN_UNINITIALIZED_AUTOS = YES_AGGRESSIVE;
				GCC_WARN_UNUSED_FUNCTION = YES;
				GCC_WARN_UNUSED_VARIABLE = YES;
				IPHONEOS_DEPLOYMENT_TARGET = 15.0;
				MTL_ENABLE_DEBUG_INFO = INCLUDE_SOURCE;
				MTL_FAST_MATH = YES;
				ONLY_ACTIVE_ARCH = YES;
				SDKROOT = iphoneos;
				SWIFT_ACTIVE_COMPILATION_CONDITIONS = DEBUG;
				SWIFT_OPTIMIZATION_LEVEL = "-Onone";
			};
			name = Debug;
		};
		DDB23AE8272871A20035FA15 /* Release */ = {
			isa = XCBuildConfiguration;
			buildSettings = {
				ALWAYS_SEARCH_USER_PATHS = NO;
				CLANG_ANALYZER_NONNULL = YES;
				CLANG_ANALYZER_NUMBER_OBJECT_CONVERSION = YES_AGGRESSIVE;
				CLANG_CXX_LANGUAGE_STANDARD = "gnu++17";
				CLANG_CXX_LIBRARY = "libc++";
				CLANG_ENABLE_MODULES = YES;
				CLANG_ENABLE_OBJC_ARC = YES;
				CLANG_ENABLE_OBJC_WEAK = YES;
				CLANG_WARN_BLOCK_CAPTURE_AUTORELEASING = YES;
				CLANG_WARN_BOOL_CONVERSION = YES;
				CLANG_WARN_COMMA = YES;
				CLANG_WARN_CONSTANT_CONVERSION = YES;
				CLANG_WARN_DEPRECATED_OBJC_IMPLEMENTATIONS = YES;
				CLANG_WARN_DIRECT_OBJC_ISA_USAGE = YES_ERROR;
				CLANG_WARN_DOCUMENTATION_COMMENTS = YES;
				CLANG_WARN_EMPTY_BODY = YES;
				CLANG_WARN_ENUM_CONVERSION = YES;
				CLANG_WARN_INFINITE_RECURSION = YES;
				CLANG_WARN_INT_CONVERSION = YES;
				CLANG_WARN_NON_LITERAL_NULL_CONVERSION = YES;
				CLANG_WARN_OBJC_IMPLICIT_RETAIN_SELF = YES;
				CLANG_WARN_OBJC_LITERAL_CONVERSION = YES;
				CLANG_WARN_OBJC_ROOT_CLASS = YES_ERROR;
				CLANG_WARN_QUOTED_INCLUDE_IN_FRAMEWORK_HEADER = YES;
				CLANG_WARN_RANGE_LOOP_ANALYSIS = YES;
				CLANG_WARN_STRICT_PROTOTYPES = YES;
				CLANG_WARN_SUSPICIOUS_MOVE = YES;
				CLANG_WARN_UNGUARDED_AVAILABILITY = YES_AGGRESSIVE;
				CLANG_WARN_UNREACHABLE_CODE = YES;
				CLANG_WARN__DUPLICATE_METHOD_MATCH = YES;
				COPY_PHASE_STRIP = NO;
				DEBUG_INFORMATION_FORMAT = "dwarf-with-dsym";
				ENABLE_NS_ASSERTIONS = NO;
				ENABLE_STRICT_OBJC_MSGSEND = YES;
				GCC_C_LANGUAGE_STANDARD = gnu11;
				GCC_NO_COMMON_BLOCKS = YES;
				GCC_WARN_64_TO_32_BIT_CONVERSION = YES;
				GCC_WARN_ABOUT_RETURN_TYPE = YES_ERROR;
				GCC_WARN_UNDECLARED_SELECTOR = YES;
				GCC_WARN_UNINITIALIZED_AUTOS = YES_AGGRESSIVE;
				GCC_WARN_UNUSED_FUNCTION = YES;
				GCC_WARN_UNUSED_VARIABLE = YES;
				IPHONEOS_DEPLOYMENT_TARGET = 15.0;
				MTL_ENABLE_DEBUG_INFO = NO;
				MTL_FAST_MATH = YES;
				SDKROOT = iphoneos;
				SWIFT_COMPILATION_MODE = wholemodule;
				SWIFT_OPTIMIZATION_LEVEL = "-O";
				VALIDATE_PRODUCT = YES;
			};
			name = Release;
		};
		DDB23AEA272871A20035FA15 /* Debug */ = {
			isa = XCBuildConfiguration;
			buildSettings = {
				ASSETCATALOG_COMPILER_APPICON_NAME = AppIcon;
				ASSETCATALOG_COMPILER_GLOBAL_ACCENT_COLOR_NAME = AccentColor;
				CODE_SIGN_STYLE = Automatic;
				CURRENT_PROJECT_VERSION = 1;
				DEVELOPMENT_ASSET_PATHS = "\"Memorie/Preview Content\"";
				DEVELOPMENT_TEAM = 36MRA4K655;
				ENABLE_PREVIEWS = YES;
				GENERATE_INFOPLIST_FILE = YES;
				INFOPLIST_KEY_UIApplicationSceneManifest_Generation = YES;
				INFOPLIST_KEY_UIApplicationSupportsIndirectInputEvents = YES;
				INFOPLIST_KEY_UILaunchScreen_Generation = YES;
				INFOPLIST_KEY_UISupportedInterfaceOrientations_iPad = "UIInterfaceOrientationPortrait UIInterfaceOrientationPortraitUpsideDown UIInterfaceOrientationLandscapeLeft UIInterfaceOrientationLandscapeRight";
				INFOPLIST_KEY_UISupportedInterfaceOrientations_iPhone = "UIInterfaceOrientationPortrait UIInterfaceOrientationLandscapeLeft UIInterfaceOrientationLandscapeRight";
				IPHONEOS_DEPLOYMENT_TARGET = 14.0;
				LD_RUNPATH_SEARCH_PATHS = (
					"$(inherited)",
					"@executable_path/Frameworks",
				);
				MARKETING_VERSION = 1.0;
				PRODUCT_BUNDLE_IDENTIFIER = edu.hisarcs.cerend.Memorie;
				PRODUCT_NAME = "$(TARGET_NAME)";
				SWIFT_EMIT_LOC_STRINGS = YES;
				SWIFT_VERSION = 5.0;
				TARGETED_DEVICE_FAMILY = "1,2";
			};
			name = Debug;
		};
		DDB23AEB272871A20035FA15 /* Release */ = {
			isa = XCBuildConfiguration;
			buildSettings = {
				ASSETCATALOG_COMPILER_APPICON_NAME = AppIcon;
				ASSETCATALOG_COMPILER_GLOBAL_ACCENT_COLOR_NAME = AccentColor;
				CODE_SIGN_STYLE = Automatic;
				CURRENT_PROJECT_VERSION = 1;
				DEVELOPMENT_ASSET_PATHS = "\"Memorie/Preview Content\"";
				DEVELOPMENT_TEAM = 36MRA4K655;
				ENABLE_PREVIEWS = YES;
				GENERATE_INFOPLIST_FILE = YES;
				INFOPLIST_KEY_UIApplicationSceneManifest_Generation = YES;
				INFOPLIST_KEY_UIApplicationSupportsIndirectInputEvents = YES;
				INFOPLIST_KEY_UILaunchScreen_Generation = YES;
				INFOPLIST_KEY_UISupportedInterfaceOrientations_iPad = "UIInterfaceOrientationPortrait UIInterfaceOrientationPortraitUpsideDown UIInterfaceOrientationLandscapeLeft UIInterfaceOrientationLandscapeRight";
				INFOPLIST_KEY_UISupportedInterfaceOrientations_iPhone = "UIInterfaceOrientationPortrait UIInterfaceOrientationLandscapeLeft UIInterfaceOrientationLandscapeRight";
				IPHONEOS_DEPLOYMENT_TARGET = 14.0;
				LD_RUNPATH_SEARCH_PATHS = (
					"$(inherited)",
					"@executable_path/Frameworks",
				);
				MARKETING_VERSION = 1.0;
				PRODUCT_BUNDLE_IDENTIFIER = edu.hisarcs.cerend.Memorie;
				PRODUCT_NAME = "$(TARGET_NAME)";
				SWIFT_EMIT_LOC_STRINGS = YES;
				SWIFT_VERSION = 5.0;
				TARGETED_DEVICE_FAMILY = "1,2";
			};
			name = Release;
		};
		DDB23AED272871A20035FA15 /* Debug */ = {
			isa = XCBuildConfiguration;
			buildSettings = {
				ALWAYS_EMBED_SWIFT_STANDARD_LIBRARIES = YES;
				BUNDLE_LOADER = "$(TEST_HOST)";
				CODE_SIGN_STYLE = Automatic;
				CURRENT_PROJECT_VERSION = 1;
				DEVELOPMENT_TEAM = 36MRA4K655;
				GENERATE_INFOPLIST_FILE = YES;
				IPHONEOS_DEPLOYMENT_TARGET = 14.0;
				LD_RUNPATH_SEARCH_PATHS = (
					"$(inherited)",
					"@executable_path/Frameworks",
					"@loader_path/Frameworks",
				);
				MARKETING_VERSION = 1.0;
				PRODUCT_BUNDLE_IDENTIFIER = edu.hisarcs.cerend.MemorieTests;
				PRODUCT_NAME = "$(TARGET_NAME)";
				SWIFT_EMIT_LOC_STRINGS = NO;
				SWIFT_VERSION = 5.0;
				TARGETED_DEVICE_FAMILY = "1,2";
				TEST_HOST = "$(BUILT_PRODUCTS_DIR)/Memorie.app/Memorie";
			};
			name = Debug;
		};
		DDB23AEE272871A20035FA15 /* Release */ = {
			isa = XCBuildConfiguration;
			buildSettings = {
				ALWAYS_EMBED_SWIFT_STANDARD_LIBRARIES = YES;
				BUNDLE_LOADER = "$(TEST_HOST)";
				CODE_SIGN_STYLE = Automatic;
				CURRENT_PROJECT_VERSION = 1;
				DEVELOPMENT_TEAM = 36MRA4K655;
				GENERATE_INFOPLIST_FILE = YES;
				IPHONEOS_DEPLOYMENT_TARGET = 14.0;
				LD_RUNPATH_SEARCH_PATHS = (
					"$(inherited)",
					"@executable_path/Frameworks",
					"@loader_path/Frameworks",
				);
				MARKETING_VERSION = 1.0;
				PRODUCT_BUNDLE_IDENTIFIER = edu.hisarcs.cerend.MemorieTests;
				PRODUCT_NAME = "$(TARGET_NAME)";
				SWIFT_EMIT_LOC_STRINGS = NO;
				SWIFT_VERSION = 5.0;
				TARGETED_DEVICE_FAMILY = "1,2";
				TEST_HOST = "$(BUILT_PRODUCTS_DIR)/Memorie.app/Memorie";
			};
			name = Release;
		};
		DDB23AF0272871A20035FA15 /* Debug */ = {
			isa = XCBuildConfiguration;
			buildSettings = {
				ALWAYS_EMBED_SWIFT_STANDARD_LIBRARIES = YES;
				CODE_SIGN_STYLE = Automatic;
				CURRENT_PROJECT_VERSION = 1;
				DEVELOPMENT_TEAM = 36MRA4K655;
				GENERATE_INFOPLIST_FILE = YES;
				LD_RUNPATH_SEARCH_PATHS = (
					"$(inherited)",
					"@executable_path/Frameworks",
					"@loader_path/Frameworks",
				);
				MARKETING_VERSION = 1.0;
				PRODUCT_BUNDLE_IDENTIFIER = edu.hisarcs.cerend.MemorieUITests;
				PRODUCT_NAME = "$(TARGET_NAME)";
				SWIFT_EMIT_LOC_STRINGS = NO;
				SWIFT_VERSION = 5.0;
				TARGETED_DEVICE_FAMILY = "1,2";
				TEST_TARGET_NAME = Memorie;
			};
			name = Debug;
		};
		DDB23AF1272871A20035FA15 /* Release */ = {
			isa = XCBuildConfiguration;
			buildSettings = {
				ALWAYS_EMBED_SWIFT_STANDARD_LIBRARIES = YES;
				CODE_SIGN_STYLE = Automatic;
				CURRENT_PROJECT_VERSION = 1;
				DEVELOPMENT_TEAM = 36MRA4K655;
				GENERATE_INFOPLIST_FILE = YES;
				LD_RUNPATH_SEARCH_PATHS = (
					"$(inherited)",
					"@executable_path/Frameworks",
					"@loader_path/Frameworks",
				);
				MARKETING_VERSION = 1.0;
				PRODUCT_BUNDLE_IDENTIFIER = edu.hisarcs.cerend.MemorieUITests;
				PRODUCT_NAME = "$(TARGET_NAME)";
				SWIFT_EMIT_LOC_STRINGS = NO;
				SWIFT_VERSION = 5.0;
				TARGETED_DEVICE_FAMILY = "1,2";
				TEST_TARGET_NAME = Memorie;
			};
			name = Release;
		};
/* End XCBuildConfiguration section */

/* Begin XCConfigurationList section */
		DDB23ABB2728719A0035FA15 /* Build configuration list for PBXProject "Memorie" */ = {
			isa = XCConfigurationList;
			buildConfigurations = (
				DDB23AE7272871A20035FA15 /* Debug */,
				DDB23AE8272871A20035FA15 /* Release */,
			);
			defaultConfigurationIsVisible = 0;
			defaultConfigurationName = Release;
		};
		DDB23AE9272871A20035FA15 /* Build configuration list for PBXNativeTarget "Memorie" */ = {
			isa = XCConfigurationList;
			buildConfigurations = (
				DDB23AEA272871A20035FA15 /* Debug */,
				DDB23AEB272871A20035FA15 /* Release */,
			);
			defaultConfigurationIsVisible = 0;
			defaultConfigurationName = Release;
		};
		DDB23AEC272871A20035FA15 /* Build configuration list for PBXNativeTarget "MemorieTests" */ = {
			isa = XCConfigurationList;
			buildConfigurations = (
				DDB23AED272871A20035FA15 /* Debug */,
				DDB23AEE272871A20035FA15 /* Release */,
			);
			defaultConfigurationIsVisible = 0;
			defaultConfigurationName = Release;
		};
		DDB23AEF272871A20035FA15 /* Build configuration list for PBXNativeTarget "MemorieUITests" */ = {
			isa = XCConfigurationList;
			buildConfigurations = (
				DDB23AF0272871A20035FA15 /* Debug */,
				DDB23AF1272871A20035FA15 /* Release */,
			);
			defaultConfigurationIsVisible = 0;
			defaultConfigurationName = Release;
		};
/* End XCConfigurationList section */

/* Begin XCVersionGroup section */
		DDB23ACE272871A20035FA15 /* Memorie.xcdatamodeld */ = {
			isa = XCVersionGroup;
			children = (
				DDB23ACF272871A20035FA15 /* Memorie.xcdatamodel */,
			);
			currentVersion = DDB23ACF272871A20035FA15 /* Memorie.xcdatamodel */;
			path = Memorie.xcdatamodeld;
			sourceTree = "<group>";
			versionGroupType = wrapper.xcdatamodel;
		};
/* End XCVersionGroup section */
	};
	rootObject = DDB23AB82728719A0035FA15 /* Project object */;
}
